
Microsoft Visual Studio Solution File, Format Version 12.00
# Visual Studio Version 17
VisualStudioVersion = 17.5.002.0
MinimumVisualStudioVersion = 10.0.40219.1
Project("{9A19103F-16F7-4668-BE54-9A1E7A4F7556}") = "Exercicio1", "Exercicio1.csproj", "{65F4AB8D-7C30-42C3-B515-EE1D605AAD12}"
EndProject
Global
	GlobalSection(SolutionConfigurationPlatforms) = preSolution
		Debug|Any CPU = Debug|Any CPU
		Release|Any CPU = Release|Any CPU
	EndGlobalSection
	GlobalSection(ProjectConfigurationPlatforms) = postSolution
		{65F4AB8D-7C30-42C3-B515-EE1D605AAD12}.Debug|Any CPU.ActiveCfg = Debug|Any CPU
		{65F4AB8D-7C30-42C3-B515-EE1D605AAD12}.Debug|Any CPU.Build.0 = Debug|Any CPU
		{65F4AB8D-7C30-42C3-B515-EE1D605AAD12}.Release|Any CPU.ActiveCfg = Release|Any CPU
		{65F4AB8D-7C30-42C3-B515-EE1D605AAD12}.Release|Any CPU.Build.0 = Release|Any CPU
	EndGlobalSection
	GlobalSection(SolutionProperties) = preSolution
		HideSolutionNode = FALSE
	EndGlobalSection
	GlobalSection(ExtensibilityGlobals) = postSolution
		SolutionGuid = {81EDC77E-3824-4391-A035-041B9BAAE309}
	EndGlobalSection
EndGlobal
