
Microsoft Visual Studio Solution File, Format Version 12.00
# Visual Studio Version 17
VisualStudioVersion = 17.5.002.0
MinimumVisualStudioVersion = 10.0.40219.1
Project("{9A19103F-16F7-4668-BE54-9A1E7A4F7556}") = "ex4", "ex4.csproj", "{933E97D3-46F2-4C95-B895-73EDF3D464CB}"
EndProject
Global
	GlobalSection(SolutionConfigurationPlatforms) = preSolution
		Debug|Any CPU = Debug|Any CPU
		Release|Any CPU = Release|Any CPU
	EndGlobalSection
	GlobalSection(ProjectConfigurationPlatforms) = postSolution
		{933E97D3-46F2-4C95-B895-73EDF3D464CB}.Debug|Any CPU.ActiveCfg = Debug|Any CPU
		{933E97D3-46F2-4C95-B895-73EDF3D464CB}.Debug|Any CPU.Build.0 = Debug|Any CPU
		{933E97D3-46F2-4C95-B895-73EDF3D464CB}.Release|Any CPU.ActiveCfg = Release|Any CPU
		{933E97D3-46F2-4C95-B895-73EDF3D464CB}.Release|Any CPU.Build.0 = Release|Any CPU
	EndGlobalSection
	GlobalSection(SolutionProperties) = preSolution
		HideSolutionNode = FALSE
	EndGlobalSection
	GlobalSection(ExtensibilityGlobals) = postSolution
		SolutionGuid = {ED9848CB-3CA9-4979-9131-C9CEEF3E9368}
	EndGlobalSection
EndGlobal
